
Microsoft Visual Studio Solution File, Format Version 12.00
# Visual Studio 15
VisualStudioVersion = 15.0.28307.1738
MinimumVisualStudioVersion = 10.0.40219.1
Project("{FAE04EC0-301F-11D3-BF4B-00C04F79EFBC}") = "MarketApp", "MarketApp\MarketApp.csproj", "{963DA7FC-0020-45EA-82D3-D8502CB8E7A9}"
EndProject
Global
	GlobalSection(SolutionConfigurationPlatforms) = preSolution
		Debug|Any CPU = Debug|Any CPU
		Release|Any CPU = Release|Any CPU
	EndGlobalSection
	GlobalSection(ProjectConfigurationPlatforms) = postSolution
		{963DA7FC-0020-45EA-82D3-D8502CB8E7A9}.Debug|Any CPU.ActiveCfg = Debug|Any CPU
		{963DA7FC-0020-45EA-82D3-D8502CB8E7A9}.Debug|Any CPU.Build.0 = Debug|Any CPU
		{963DA7FC-0020-45EA-82D3-D8502CB8E7A9}.Release|Any CPU.ActiveCfg = Release|Any CPU
		{963DA7FC-0020-45EA-82D3-D8502CB8E7A9}.Release|Any CPU.Build.0 = Release|Any CPU
	EndGlobalSection
	GlobalSection(SolutionProperties) = preSolution
		HideSolutionNode = FALSE
	EndGlobalSection
	GlobalSection(ExtensibilityGlobals) = postSolution
		SolutionGuid = {4E5EB899-EC13-4FA2-AE48-C49DEB4C8ADA}
	EndGlobalSection
EndGlobal
